# THIS IS AN AUTOGENERATED FILE. DO NOT EDIT THIS FILE DIRECTLY.
# yarn lockfile v1


"@types/mkdirp@^1.0.2":
  "integrity" "sha512-o0K1tSO0Dx5X6xlU5F1D6625FawhC3dU3iqr25lluNv/+/QIVH8RLNEiVokgIZo+mz+87w/3Mkg/VvQS+J51fQ=="
  "resolved" "https://registry.npmjs.org/@types/mkdirp/-/mkdirp-1.0.2.tgz"
  "version" "1.0.2"
  dependencies:
    "@types/node" "*"

"@types/node@*", "@types/node@^17.0.6":
  "integrity" "sha512-+XBAjfZmmivILUzO0HwBJoYkAyyySSLg5KCGBDFLomJo0sV6szvVLAf4ANZZ0pfWzgEds5KmGLG9D5hfEqOhaA=="
  "resolved" "https://registry.npmjs.org/@types/node/-/node-17.0.6.tgz"
  "version" "17.0.6"

"@types/winreg@^1.2.31":
  "integrity" "sha512-SDatEMEtQ1cJK3esIdH6colduWBP+42Xw9Guq1sf/N6rM3ZxgljBduvZOwBsxRps/k5+Wwf5HJun6pH8OnD2gg=="
  "resolved" "https://registry.npmjs.org/@types/winreg/-/winreg-1.2.31.tgz"
  "version" "1.2.31"

"applescript@^1.0.0":
  "integrity" "sha1-u4evVoytA0pOSMS9r2Bno6JwExc="
  "resolved" "https://registry.npmjs.org/applescript/-/applescript-1.0.0.tgz"
  "version" "1.0.0"

"mkdirp@^1.0.4":
  "integrity" "sha512-vVqVZQyf3WLx2Shd0qJ9xuvqgAyKPLAiqITEtqW0oIUjzo3PePDd6fW9iFz30ef7Ysp/oiWqbhszeGWW2T6Gzw=="
  "resolved" "https://registry.npmjs.org/mkdirp/-/mkdirp-1.0.4.tgz"
  "version" "1.0.4"

"native-reg@^1.1.0":
  "integrity" "sha512-nykrWHVAp9E6oLUypAVDFj+kq5J4AMd7VA5CVOqMw/k4w7Mhuc6p/1tLTqDLJbQsFs85qT1ElQw8Yn/RayUupg=="
  "resolved" "https://nexus.itx.de/repository/npm-group/native-reg/-/native-reg-1.1.0.tgz"
  "version" "1.1.0"
  dependencies:
    "node-gyp-build" "4"

"node-gyp-build@4":
  "integrity" "sha512-2iGbaQBV+ITgCz76ZEjmhUKAKVf7xfY1sRl4UiKQspfZMH2h06SyhNsnSVy50cwkFQDGLyif6m/6uFXHkOZ6rg=="
  "resolved" "https://nexus.itx.de/repository/npm-group/node-gyp-build/-/node-gyp-build-4.5.0.tgz"
  "version" "4.5.0"

"typescript@^4.5.4":
  "integrity" "sha512-VgYs2A2QIRuGphtzFV7aQJduJ2gyfTljngLzjpfW9FoYZF6xuw1W0vW9ghCKLfcWrCFxK81CSGRAvS1pn4fIUg=="
  "resolved" "https://registry.npmjs.org/typescript/-/typescript-4.5.4.tgz"
  "version" "4.5.4"

"untildify@^4.0.0":
  "integrity" "sha512-KK8xQ1mkzZeg9inewmFVDNkg3l5LUhoq9kN6iWYB/CC9YMG8HA+c1Q8HwDe6dEX7kErrEVNVBO3fWsVq5iDgtw=="
  "resolved" "https://registry.npmjs.org/untildify/-/untildify-4.0.0.tgz"
  "version" "4.0.0"

"winlink@^1.0.2":
  "integrity" "sha512-+jwtW8rIb5pGVk6ZqB2OUHfR+/9wH+BgukVLAlyGIGyjNtcasFmckFcGl0MtpFAXI1h5oIyjxxiUWNb2U6SRMw=="
  "resolved" "https://nexus.itx.de/repository/npm-group/winlink/-/winlink-1.0.2.tgz"
  "version" "1.0.2"
